
Microsoft Visual Studio Solution File, Format Version 12.00
# Visual Studio Version 16
VisualStudioVersion = 16.0.33423.256
MinimumVisualStudioVersion = 10.0.40219.1
Project("{9A19103F-16F7-4668-BE54-9A1E7A4F7556}") = "API", "API\API.csproj", "{07E4D1B8-8DED-48BA-B12F-194AB247F4CD}"
EndProject
Project("{9A19103F-16F7-4668-BE54-9A1E7A4F7556}") = "Core", "Core\Core.csproj", "{4CFACEE4-35B3-4439-BF77-E4AA761088F5}"
EndProject
Project("{9A19103F-16F7-4668-BE54-9A1E7A4F7556}") = "Infrastructure", "Infrastructure\Infrastructure.csproj", "{C1E8ACC8-F183-4F9B-AA63-C3A4C108007D}"
EndProject
Global
	GlobalSection(SolutionConfigurationPlatforms) = preSolution
		Debug|Any CPU = Debug|Any CPU
		Release|Any CPU = Release|Any CPU
	EndGlobalSection
	GlobalSection(ProjectConfigurationPlatforms) = postSolution
		{07E4D1B8-8DED-48BA-B12F-194AB247F4CD}.Debug|Any CPU.ActiveCfg = Debug|Any CPU
		{07E4D1B8-8DED-48BA-B12F-194AB247F4CD}.Debug|Any CPU.Build.0 = Debug|Any CPU
		{07E4D1B8-8DED-48BA-B12F-194AB247F4CD}.Release|Any CPU.ActiveCfg = Release|Any CPU
		{07E4D1B8-8DED-48BA-B12F-194AB247F4CD}.Release|Any CPU.Build.0 = Release|Any CPU
		{4CFACEE4-35B3-4439-BF77-E4AA761088F5}.Debug|Any CPU.ActiveCfg = Debug|Any CPU
		{4CFACEE4-35B3-4439-BF77-E4AA761088F5}.Debug|Any CPU.Build.0 = Debug|Any CPU
		{4CFACEE4-35B3-4439-BF77-E4AA761088F5}.Release|Any CPU.ActiveCfg = Release|Any CPU
		{4CFACEE4-35B3-4439-BF77-E4AA761088F5}.Release|Any CPU.Build.0 = Release|Any CPU
		{C1E8ACC8-F183-4F9B-AA63-C3A4C108007D}.Debug|Any CPU.ActiveCfg = Debug|Any CPU
		{C1E8ACC8-F183-4F9B-AA63-C3A4C108007D}.Debug|Any CPU.Build.0 = Debug|Any CPU
		{C1E8ACC8-F183-4F9B-AA63-C3A4C108007D}.Release|Any CPU.ActiveCfg = Release|Any CPU
		{C1E8ACC8-F183-4F9B-AA63-C3A4C108007D}.Release|Any CPU.Build.0 = Release|Any CPU
	EndGlobalSection
	GlobalSection(SolutionProperties) = preSolution
		HideSolutionNode = FALSE
	EndGlobalSection
	GlobalSection(ExtensibilityGlobals) = postSolution
		SolutionGuid = {EB221F18-278B-4AD2-86D4-AB080089DD91}
	EndGlobalSection
EndGlobal
